
Microsoft Visual Studio Solution File, Format Version 12.00
# Visual Studio Version 17
VisualStudioVersion = 17.7.34031.279
MinimumVisualStudioVersion = 10.0.40219.1
Project("{FAE04EC0-301F-11D3-BF4B-00C04F79EFBC}") = "Nyulakrpkak", "Nyulakrpkak\Nyulakrpkak.csproj", "{A247A1C4-1841-4D6D-9B3F-2E23DE6A2713}"
EndProject
Global
	GlobalSection(SolutionConfigurationPlatforms) = preSolution
		Debug|Any CPU = Debug|Any CPU
		Release|Any CPU = Release|Any CPU
	EndGlobalSection
	GlobalSection(ProjectConfigurationPlatforms) = postSolution
		{A247A1C4-1841-4D6D-9B3F-2E23DE6A2713}.Debug|Any CPU.ActiveCfg = Debug|Any CPU
		{A247A1C4-1841-4D6D-9B3F-2E23DE6A2713}.Debug|Any CPU.Build.0 = Debug|Any CPU
		{A247A1C4-1841-4D6D-9B3F-2E23DE6A2713}.Release|Any CPU.ActiveCfg = Release|Any CPU
		{A247A1C4-1841-4D6D-9B3F-2E23DE6A2713}.Release|Any CPU.Build.0 = Release|Any CPU
	EndGlobalSection
	GlobalSection(SolutionProperties) = preSolution
		HideSolutionNode = FALSE
	EndGlobalSection
	GlobalSection(ExtensibilityGlobals) = postSolution
		SolutionGuid = {82427348-CA05-41A9-BE13-7DA3A779F70C}
	EndGlobalSection
EndGlobal
